
Microsoft Visual Studio Solution File, Format Version 12.00
# Visual Studio Version 17
VisualStudioVersion = 17.4.33403.182
MinimumVisualStudioVersion = 10.0.40219.1
Project("{9A19103F-16F7-4668-BE54-9A1E7A4F7556}") = "Api", "Api\Api.csproj", "{8055A2E1-0384-4598-BD91-6ED8CC18F760}"
EndProject
Global
	GlobalSection(SolutionConfigurationPlatforms) = preSolution
		Debug|Any CPU = Debug|Any CPU
		Release|Any CPU = Release|Any CPU
	EndGlobalSection
	GlobalSection(ProjectConfigurationPlatforms) = postSolution
		{8055A2E1-0384-4598-BD91-6ED8CC18F760}.Debug|Any CPU.ActiveCfg = Debug|Any CPU
		{8055A2E1-0384-4598-BD91-6ED8CC18F760}.Debug|Any CPU.Build.0 = Debug|Any CPU
		{8055A2E1-0384-4598-BD91-6ED8CC18F760}.Release|Any CPU.ActiveCfg = Release|Any CPU
		{8055A2E1-0384-4598-BD91-6ED8CC18F760}.Release|Any CPU.Build.0 = Release|Any CPU
	EndGlobalSection
	GlobalSection(SolutionProperties) = preSolution
		HideSolutionNode = FALSE
	EndGlobalSection
	GlobalSection(ExtensibilityGlobals) = postSolution
		SolutionGuid = {7291F9C2-007B-4B08-A386-50F2498BAD58}
	EndGlobalSection
EndGlobal
